{
  "version": 4,
  "terraform_version": "1.6.4",
  "serial": 7,
  "lineage": "57bfa78d-3b26-5cbc-5b5b-3bb50da7a97f",
  "outputs": {
    "kubernetes_cluster_host": {
      "value": "34.135.124.120",
      "type": "string"
    },
    "kubernetes_cluster_name": {
      "value": "rajani-terraform-gke-gke",
      "type": "string"
    },
    "project_id": {
      "value": "rajani-terraform-gke",
      "type": "string"
    },
    "region": {
      "value": "us-central1",
      "type": "string"
    }
  },
  "resources": [
    {
      "mode": "data",
      "type": "google_container_engine_versions",
      "name": "gke_version",
      "provider": "provider[\"registry.terraform.io/hashicorp/google\"]",
      "instances": [
        {
          "schema_version": 0,
          "attributes": {
            "default_cluster_version": "1.27.3-gke.100",
            "id": "2023-11-30 02:49:10.974261 +0000 UTC",
            "latest_master_version": "1.27.7-gke.1121000",
            "latest_node_version": "1.27.7-gke.1121000",
            "location": "us-central1",
            "project": null,
            "release_channel_default_version": {
              "RAPID": "1.27.5-gke.200",
              "REGULAR": "1.27.3-gke.100",
              "STABLE": "1.27.3-gke.100"
            },
            "release_channel_latest_version": {
              "RAPID": "1.27.7-gke.1121000",
              "REGULAR": "1.27.5-gke.200",
              "STABLE": "1.27.4-gke.900"
            },
            "valid_master_versions": [
              "1.27.7-gke.1121000",
              "1.27.7-gke.1088000",
              "1.27.6-gke.1445000",
              "1.27.6-gke.1248000",
              "1.27.5-gke.200",
              "1.27.4-gke.900",
              "1.27.3-gke.1700",
              "1.27.3-gke.100",
              "1.27.2-gke.2100",
              "1.27.2-gke.1200"
            ],
            "valid_node_versions": [
              "1.27.7-gke.1121000",
              "1.27.7-gke.1088000",
              "1.27.7-gke.1056000",
              "1.27.7-gke.1038000",
              "1.27.6-gke.1506000",
              "1.27.6-gke.1445000",
              "1.27.6-gke.1248000",
              "1.27.5-gke.200",
              "1.27.4-gke.900",
              "1.27.3-gke.1700",
              "1.27.3-gke.100",
              "1.27.2-gke.2100",
              "1.27.2-gke.1200"
            ],
            "version_prefix": "1.27."
          },
          "sensitive_attributes": []
        }
      ]
    },
    {
      "mode": "managed",
      "type": "google_compute_network",
      "name": "vpc",
      "provider": "provider[\"registry.terraform.io/hashicorp/google\"]",
      "instances": [
        {
          "schema_version": 0,
          "attributes": {
            "auto_create_subnetworks": false,
            "delete_default_routes_on_create": false,
            "description": "",
            "enable_ula_internal_ipv6": false,
            "gateway_ipv4": "",
            "id": "projects/rajani-terraform-gke/global/networks/rajani-terraform-gke-vpc",
            "internal_ipv6_range": "",
            "mtu": 0,
            "name": "rajani-terraform-gke-vpc",
            "network_firewall_policy_enforcement_order": "AFTER_CLASSIC_FIREWALL",
            "project": "rajani-terraform-gke",
            "routing_mode": "REGIONAL",
            "self_link": "https://www.googleapis.com/compute/v1/projects/rajani-terraform-gke/global/networks/rajani-terraform-gke-vpc",
            "timeouts": null
          },
          "sensitive_attributes": [],
          "private": "eyJlMmJmYjczMC1lY2FhLTExZTYtOGY4OC0zNDM2M2JjN2M0YzAiOnsiY3JlYXRlIjoxMjAwMDAwMDAwMDAwLCJkZWxldGUiOjEyMDAwMDAwMDAwMDAsInVwZGF0ZSI6MTIwMDAwMDAwMDAwMH19"
        }
      ]
    },
    {
      "mode": "managed",
      "type": "google_compute_subnetwork",
      "name": "subnet",
      "provider": "provider[\"registry.terraform.io/hashicorp/google\"]",
      "instances": [
        {
          "schema_version": 0,
          "attributes": {
            "creation_timestamp": "2023-11-29T17:56:55.562-08:00",
            "description": "",
            "external_ipv6_prefix": "",
            "fingerprint": null,
            "gateway_address": "10.10.0.1",
            "id": "projects/rajani-terraform-gke/regions/us-central1/subnetworks/rajani-terraform-gke-subnet",
            "ip_cidr_range": "10.10.0.0/24",
            "ipv6_access_type": "",
            "ipv6_cidr_range": "",
            "log_config": [],
            "name": "rajani-terraform-gke-subnet",
            "network": "https://www.googleapis.com/compute/v1/projects/rajani-terraform-gke/global/networks/rajani-terraform-gke-vpc",
            "private_ip_google_access": false,
            "private_ipv6_google_access": "DISABLE_GOOGLE_ACCESS",
            "project": "rajani-terraform-gke",
            "purpose": "PRIVATE",
            "region": "us-central1",
            "role": "",
            "secondary_ip_range": [],
            "self_link": "https://www.googleapis.com/compute/v1/projects/rajani-terraform-gke/regions/us-central1/subnetworks/rajani-terraform-gke-subnet",
            "stack_type": "IPV4_ONLY",
            "timeouts": null
          },
          "sensitive_attributes": [],
          "private": "eyJlMmJmYjczMC1lY2FhLTExZTYtOGY4OC0zNDM2M2JjN2M0YzAiOnsiY3JlYXRlIjoxMjAwMDAwMDAwMDAwLCJkZWxldGUiOjEyMDAwMDAwMDAwMDAsInVwZGF0ZSI6MTIwMDAwMDAwMDAwMH19",
          "dependencies": [
            "google_compute_network.vpc"
          ]
        }
      ]
    },
    {
      "mode": "managed",
      "type": "google_container_cluster",
      "name": "primary",
      "provider": "provider[\"registry.terraform.io/hashicorp/google\"]",
      "instances": [
        {
          "schema_version": 1,
          "attributes": {
            "addons_config": [
              {
                "cloudrun_config": [],
                "config_connector_config": [],
                "dns_cache_config": [],
                "gce_persistent_disk_csi_driver_config": [
                  {
                    "enabled": true
                  }
                ],
                "gcp_filestore_csi_driver_config": [],
                "gke_backup_agent_config": [],
                "horizontal_pod_autoscaling": [],
                "http_load_balancing": [],
                "network_policy_config": [
                  {
                    "disabled": true
                  }
                ]
              }
            ],
            "authenticator_groups_config": [],
            "binary_authorization": [
              {
                "enabled": false,
                "evaluation_mode": ""
              }
            ],
            "cluster_autoscaling": [
              {
                "auto_provisioning_defaults": [],
                "enabled": false,
                "resource_limits": []
              }
            ],
            "cluster_ipv4_cidr": "10.160.0.0/14",
            "confidential_nodes": [],
            "cost_management_config": [],
            "database_encryption": [
              {
                "key_name": "",
                "state": "DECRYPTED"
              }
            ],
            "datapath_provider": "",
            "default_max_pods_per_node": null,
            "default_snat_status": [
              {
                "disabled": false
              }
            ],
            "description": "",
            "dns_config": [],
            "enable_autopilot": false,
            "enable_binary_authorization": false,
            "enable_intranode_visibility": false,
            "enable_kubernetes_alpha": false,
            "enable_l4_ilb_subsetting": false,
            "enable_legacy_abac": false,
            "enable_shielded_nodes": true,
            "enable_tpu": false,
            "endpoint": "34.135.124.120",
            "gateway_api_config": [],
            "id": "projects/rajani-terraform-gke/locations/us-central1-a/clusters/rajani-terraform-gke-gke",
            "initial_node_count": 1,
            "ip_allocation_policy": [],
            "label_fingerprint": "a9dc16a7",
            "location": "us-central1-a",
            "logging_config": [
              {
                "enable_components": [
                  "SYSTEM_COMPONENTS",
                  "WORKLOADS"
                ]
              }
            ],
            "logging_service": "logging.googleapis.com/kubernetes",
            "maintenance_policy": [],
            "master_auth": [
              {
                "client_certificate": "",
                "client_certificate_config": [
                  {
                    "issue_client_certificate": false
                  }
                ],
                "client_key": "",
                "cluster_ca_certificate": "LS0tLS1CRUdJTiBDRVJUSUZJQ0FURS0tLS0tCk1JSUVMVENDQXBXZ0F3SUJBZ0lSQUozanV4ZTlxSnJTRHdweFpzVVdJMzR3RFFZSktvWklodmNOQVFFTEJRQXcKTHpFdE1Dc0dBMVVFQXhNa016RTVZVGxsWXpNdE16RTNOQzAwWTJRMkxUa3dZamt0WkdGbU56WTBNakpsT1RZeApNQ0FYRFRJek1URXpNREF4TkRreU1Gb1lEekl3TlRNeE1USXlNREkwT1RJd1dqQXZNUzB3S3dZRFZRUURFeVF6Ck1UbGhPV1ZqTXkwek1UYzBMVFJqWkRZdE9UQmlPUzFrWVdZM05qUXlNbVU1TmpFd2dnR2lNQTBHQ1NxR1NJYjMKRFFFQkFRVUFBNElCandBd2dnR0tBb0lCZ1FDSm5YSzdwRHc5TXJLTWNCOEhLbnJHT01FYVJLem1TbUJMa1FsaApHWmE3aVhMQ2U2Rlp2RUxDSGRxaWgrNDE2ZnJpZVJ6dW5oTzB5dUxNNTlRc0c0QmhWS3hvV3Vsbno1MUMydllVCi9PcmVZRjFmNEJPVzZOTEE2MUl4RjZJSWpvODNXWW5uczdDcU5UNkNnMTFRNmwrMU04aG5zV2hQWVdtY0JRVDQKNGswaWx4dkY5Mk5rMjdreE9ycVg1MmpDZUpNcTVuWnQvZ0JjeTRvOTFmQ1NnWGpCN0oxUGl1Qkp0S25adDVPUQpINFhSY2hLT09KekZLV3FEdTVGeE8zM05janBPL05NKzhVM0YwWGI1UHowVWhvNlZVK2x6RWhuMHdrd1hkb0s4Cmk5a0RqNnRWTnFDZUl3cnlzZDdOQmNDWEc4Tlp0NFBJWXZrRmxXK1N3RmFKWW9RU3RrYldGTFVna2RJT1Y4dGwKUlJtWmY4MDRTUEwwNnU1eDZtT3d3amtHZmxyMTE4ZXdlNTR0NFpWY3YzNXZBc01KajZhaUNqMlVIMWFKVHJTVgpiN3pGVk5ROGhJbGVxeTMzckhlOGtUdDRiOU1tQm5PL0VEUzNFZ1NIcXdYc0luV3Q5WFJhUnlXK0hpbEIycWdCCjJMMFRLb1JRVlljUnRDWE9aN3BIdlljem1vOENBd0VBQWFOQ01FQXdEZ1lEVlIwUEFRSC9CQVFEQWdJRU1BOEcKQTFVZEV3RUIvd1FGTUFNQkFmOHdIUVlEVlIwT0JCWUVGSWxNdG40ajJYeEM2ZSszMFpWMy94U09sbWtnTUEwRwpDU3FHU0liM0RRRUJDd1VBQTRJQmdRQk1RenRHYmFiV1REOEpuNG0wRVhvM1FDK2hLZG5rTTZaWDFzeWRpL2ZyCjRtZ2oxZUJNVVJpNnlueWhoU1VTUTRkNzgySmo4dXFOS2xHV0Irb1ZBQml4MjcrWWVhL0FZQTRDYkdybDRZRmEKWUJIdkovWDdLQmZRTktTRWlVRXJLaExYZ1ZhajBQUUJtVHhxcmVHcUFkMnRubjc0YXZKQXozbm1ZUWd0Qi9WUQo5cys0bU44VHBqR2tPT01oTWVwNUQzUElVMWlEK0ZyWHVLNlFOS2U1SXAyWU1OVzA1cTNZZEg0bVlGSlJVUDJSCk9ZOEsyc3R3T2k5NDZzb1VmOUxrY1NKZmROck8rQWVBTDBsM2syeVFIUzJJZHFNSExKck5lNmFnQ3AvL09PTHUKQXBvRllRMkRiVG83ZGZCUUYxOGh6RUpaMndrWWZNa05zOWR4UURGeEE3U1hiNVNkZ3FZT2FiRXRTQlJScGhIKwo2WHBQR0RTcEUrenRsR0EvU2FWRXM1ajd6ZEdPL1ZmZWRGT2pSUkpTNFd1bUpZSjYzRkd5RFZpb0Q2andOVlh0CjlTTnlJUXhCdVdsWVExSEZqbzlINThHMjFCQmtDNFA5RmdvZ1VqdmlkWDlFZDZFbTduRHcxUnE1WVNuOFlGWFMKQU5VbzBEQVZIak01VDNQM2NyT2dpNmM9Ci0tLS0tRU5EIENFUlRJRklDQVRFLS0tLS0K"
              }
            ],
            "master_authorized_networks_config": [],
            "master_version": "1.27.3-gke.100",
            "mesh_certificates": [],
            "min_master_version": null,
            "monitoring_config": [
              {
                "enable_components": [
                  "SYSTEM_COMPONENTS"
                ],
                "managed_prometheus": [
                  {
                    "enabled": true
                  }
                ]
              }
            ],
            "monitoring_service": "monitoring.googleapis.com/kubernetes",
            "name": "rajani-terraform-gke-gke",
            "network": "projects/rajani-terraform-gke/global/networks/rajani-terraform-gke-vpc",
            "network_policy": [
              {
                "enabled": false,
                "provider": "PROVIDER_UNSPECIFIED"
              }
            ],
            "networking_mode": "ROUTES",
            "node_config": [],
            "node_locations": [],
            "node_pool": [],
            "node_pool_defaults": [
              {
                "node_config_defaults": [
                  {
                    "logging_variant": "DEFAULT"
                  }
                ]
              }
            ],
            "node_version": "1.27.3-gke.100",
            "notification_config": [
              {
                "pubsub": [
                  {
                    "enabled": false,
                    "filter": [],
                    "topic": ""
                  }
                ]
              }
            ],
            "operation": null,
            "private_cluster_config": [
              {
                "enable_private_endpoint": false,
                "enable_private_nodes": false,
                "master_global_access_config": [
                  {
                    "enabled": false
                  }
                ],
                "master_ipv4_cidr_block": "",
                "peering_name": "",
                "private_endpoint": "10.10.0.2",
                "private_endpoint_subnetwork": "",
                "public_endpoint": "34.135.124.120"
              }
            ],
            "private_ipv6_google_access": "",
            "project": "rajani-terraform-gke",
            "release_channel": [
              {
                "channel": "REGULAR"
              }
            ],
            "remove_default_node_pool": true,
            "resource_labels": null,
            "resource_usage_export_config": [],
            "security_posture_config": [
              {
                "mode": "BASIC",
                "vulnerability_mode": "VULNERABILITY_MODE_UNSPECIFIED"
              }
            ],
            "self_link": "https://container.googleapis.com/v1/projects/rajani-terraform-gke/zones/us-central1-a/clusters/rajani-terraform-gke-gke",
            "service_external_ips_config": [
              {
                "enabled": false
              }
            ],
            "services_ipv4_cidr": "10.163.240.0/20",
            "subnetwork": "projects/rajani-terraform-gke/regions/us-central1/subnetworks/rajani-terraform-gke-subnet",
            "timeouts": null,
            "tpu_ipv4_cidr_block": "",
            "vertical_pod_autoscaling": [],
            "workload_identity_config": []
          },
          "sensitive_attributes": [],
          "private": "eyJlMmJmYjczMC1lY2FhLTExZTYtOGY4OC0zNDM2M2JjN2M0YzAiOnsiY3JlYXRlIjoyNDAwMDAwMDAwMDAwLCJkZWxldGUiOjI0MDAwMDAwMDAwMDAsInJlYWQiOjI0MDAwMDAwMDAwMDAsInVwZGF0ZSI6MzYwMDAwMDAwMDAwMH0sInNjaGVtYV92ZXJzaW9uIjoiMSJ9",
          "dependencies": [
            "google_compute_network.vpc",
            "google_compute_subnetwork.subnet"
          ]
        }
      ]
    },
    {
      "mode": "managed",
      "type": "google_container_node_pool",
      "name": "primary_nodes",
      "provider": "provider[\"registry.terraform.io/hashicorp/google\"]",
      "instances": [
        {
          "schema_version": 1,
          "attributes": {
            "autoscaling": [],
            "cluster": "rajani-terraform-gke-gke",
            "id": "projects/rajani-terraform-gke/locations/us-central1-a/clusters/rajani-terraform-gke-gke/nodePools/rajani-terraform-gke-gke",
            "initial_node_count": 2,
            "instance_group_urls": [
              "https://www.googleapis.com/compute/v1/projects/rajani-terraform-gke/zones/us-central1-a/instanceGroupManagers/gke-rajani-terraform-rajani-terraform-2f6156d9-grp"
            ],
            "location": "us-central1-a",
            "managed_instance_group_urls": [
              "https://www.googleapis.com/compute/v1/projects/rajani-terraform-gke/zones/us-central1-a/instanceGroups/gke-rajani-terraform-rajani-terraform-2f6156d9-grp"
            ],
            "management": [
              {
                "auto_repair": true,
                "auto_upgrade": true
              }
            ],
            "max_pods_per_node": null,
            "name": "rajani-terraform-gke-gke",
            "name_prefix": "",
            "network_config": [
              {
                "create_pod_range": false,
                "enable_private_nodes": false,
                "pod_cidr_overprovision_config": [],
                "pod_ipv4_cidr_block": "",
                "pod_range": ""
              }
            ],
            "node_config": [
              {
                "advanced_machine_features": [],
                "boot_disk_kms_key": "",
                "disk_size_gb": 100,
                "disk_type": "pd-balanced",
                "ephemeral_storage_local_ssd_config": [],
                "gcfs_config": [],
                "guest_accelerator": [],
                "gvnic": [],
                "image_type": "COS_CONTAINERD",
                "kubelet_config": [],
                "labels": {
                  "env": "rajani-terraform-gke"
                },
                "linux_node_config": [],
                "local_nvme_ssd_block_config": [],
                "local_ssd_count": 0,
                "logging_variant": "DEFAULT",
                "machine_type": "n1-standard-1",
                "metadata": {
                  "disable-legacy-endpoints": "true"
                },
                "min_cpu_platform": "",
                "node_group": "",
                "oauth_scopes": [
                  "https://www.googleapis.com/auth/logging.write",
                  "https://www.googleapis.com/auth/monitoring"
                ],
                "preemptible": false,
                "reservation_affinity": [],
                "resource_labels": null,
                "service_account": "default",
                "shielded_instance_config": [
                  {
                    "enable_integrity_monitoring": true,
                    "enable_secure_boot": false
                  }
                ],
                "sole_tenant_config": [],
                "spot": false,
                "tags": [
                  "gke-node",
                  "rajani-terraform-gke-gke"
                ],
                "taint": [],
                "workload_metadata_config": []
              }
            ],
            "node_count": 2,
            "node_locations": [
              "us-central1-a"
            ],
            "operation": null,
            "placement_policy": [],
            "project": "rajani-terraform-gke",
            "timeouts": null,
            "upgrade_settings": [
              {
                "blue_green_settings": [],
                "max_surge": 1,
                "max_unavailable": 0,
                "strategy": "SURGE"
              }
            ],
            "version": "1.27.4-gke.900"
          },
          "sensitive_attributes": [],
          "private": "eyJlMmJmYjczMC1lY2FhLTExZTYtOGY4OC0zNDM2M2JjN2M0YzAiOnsiY3JlYXRlIjoxODAwMDAwMDAwMDAwLCJkZWxldGUiOjE4MDAwMDAwMDAwMDAsInVwZGF0ZSI6MTgwMDAwMDAwMDAwMH0sInNjaGVtYV92ZXJzaW9uIjoiMSJ9",
          "dependencies": [
            "data.google_container_engine_versions.gke_version",
            "google_compute_network.vpc",
            "google_compute_subnetwork.subnet",
            "google_container_cluster.primary"
          ]
        }
      ]
    }
  ],
  "check_results": null
}
